<?xml version="1.0" encoding="UTF-8" standalone="yes" ?>
<CodeBlocks_project_file>
   <FileVersion major="1" minor="6" />
   <Project>
      <Option title="hermes2d" />
      <Option makefile_is_custom="1" />
      <Option compiler="gcc" />
      <Build>
      <Target title="all">
         <Option working_dir="/home/karban/Projects/programovani/c/hermes2d" />
         <Option type="4" />
         <MakeCommands>
            <Build command="/usr/bin/make -f &quot;/home/karban/Projects/programovani/c/hermes2d/Makefile&quot; all" />
            <CompileFile command="/usr/bin/make -f &quot;/home/karban/Projects/programovani/c/hermes2d/Makefile&quot; &quot;$file&quot;" />
            <Clean command="/usr/bin/make -f &quot;/home/karban/Projects/programovani/c/hermes2d/Makefile&quot; clean" />
            <DistClean command="/usr/bin/make -f &quot;/home/karban/Projects/programovani/c/hermes2d/Makefile&quot; clean" />
         </MakeCommands>
      </Target>
      <Target title="install">
         <Option working_dir="/home/karban/Projects/programovani/c/hermes2d" />
         <Option type="4" />
         <MakeCommands>
            <Build command="/usr/bin/make -f &quot;/home/karban/Projects/programovani/c/hermes2d/Makefile&quot; install" />
            <CompileFile command="/usr/bin/make -f &quot;/home/karban/Projects/programovani/c/hermes2d/Makefile&quot; &quot;$file&quot;" />
            <Clean command="/usr/bin/make -f &quot;/home/karban/Projects/programovani/c/hermes2d/Makefile&quot; clean" />
            <DistClean command="/usr/bin/make -f &quot;/home/karban/Projects/programovani/c/hermes2d/Makefile&quot; clean" />
         </MakeCommands>
      </Target>
      <Target title="install/strip">
         <Option working_dir="/home/karban/Projects/programovani/c/hermes2d" />
         <Option type="4" />
         <MakeCommands>
            <Build command="/usr/bin/make -f &quot;/home/karban/Projects/programovani/c/hermes2d/Makefile&quot; install/strip" />
            <CompileFile command="/usr/bin/make -f &quot;/home/karban/Projects/programovani/c/hermes2d/Makefile&quot; &quot;$file&quot;" />
            <Clean command="/usr/bin/make -f &quot;/home/karban/Projects/programovani/c/hermes2d/Makefile&quot; clean" />
            <DistClean command="/usr/bin/make -f &quot;/home/karban/Projects/programovani/c/hermes2d/Makefile&quot; clean" />
         </MakeCommands>
      </Target>
      <Target title="rebuild_cache">
         <Option working_dir="/home/karban/Projects/programovani/c/hermes2d" />
         <Option type="4" />
         <MakeCommands>
            <Build command="/usr/bin/make -f &quot;/home/karban/Projects/programovani/c/hermes2d/Makefile&quot; rebuild_cache" />
            <CompileFile command="/usr/bin/make -f &quot;/home/karban/Projects/programovani/c/hermes2d/Makefile&quot; &quot;$file&quot;" />
            <Clean command="/usr/bin/make -f &quot;/home/karban/Projects/programovani/c/hermes2d/Makefile&quot; clean" />
            <DistClean command="/usr/bin/make -f &quot;/home/karban/Projects/programovani/c/hermes2d/Makefile&quot; clean" />
         </MakeCommands>
      </Target>
      <Target title="test">
         <Option working_dir="/home/karban/Projects/programovani/c/hermes2d" />
         <Option type="4" />
         <MakeCommands>
            <Build command="/usr/bin/make -f &quot;/home/karban/Projects/programovani/c/hermes2d/Makefile&quot; test" />
            <CompileFile command="/usr/bin/make -f &quot;/home/karban/Projects/programovani/c/hermes2d/Makefile&quot; &quot;$file&quot;" />
            <Clean command="/usr/bin/make -f &quot;/home/karban/Projects/programovani/c/hermes2d/Makefile&quot; clean" />
            <DistClean command="/usr/bin/make -f &quot;/home/karban/Projects/programovani/c/hermes2d/Makefile&quot; clean" />
         </MakeCommands>
      </Target>
      <Target title="hermes2d-real">
         <Option output="/home/karban/Projects/programovani/c/hermes2d/src/libhermes2d-real.a" prefix_auto="0" extension_auto="0" />
         <Option working_dir="/home/karban/Projects/programovani/c/hermes2d/src" />
         <Option object_output="./" />
         <Option type="2" />
         <Option compiler="gcc" />
         <Compiler>
            <Add directory="/usr/include" />
         </Compiler>
         <MakeCommands>
            <Build command="/usr/bin/make -f &quot;/home/karban/Projects/programovani/c/hermes2d/src/Makefile&quot; hermes2d-real" />
            <CompileFile command="/usr/bin/make -f &quot;/home/karban/Projects/programovani/c/hermes2d/src/Makefile&quot; &quot;$file&quot;" />
            <Clean command="/usr/bin/make -f &quot;/home/karban/Projects/programovani/c/hermes2d/src/Makefile&quot; clean" />
            <DistClean command="/usr/bin/make -f &quot;/home/karban/Projects/programovani/c/hermes2d/src/Makefile&quot; clean" />
         </MakeCommands>
      </Target>
      <Target title="hermes2d-real/fast">
         <Option output="/home/karban/Projects/programovani/c/hermes2d/src/libhermes2d-real.a" prefix_auto="0" extension_auto="0" />
         <Option working_dir="/home/karban/Projects/programovani/c/hermes2d/src" />
         <Option object_output="./" />
         <Option type="2" />
         <Option compiler="gcc" />
         <Compiler>
            <Add directory="/usr/include" />
         </Compiler>
         <MakeCommands>
            <Build command="/usr/bin/make -f &quot;/home/karban/Projects/programovani/c/hermes2d/src/Makefile&quot; hermes2d-real/fast" />
            <CompileFile command="/usr/bin/make -f &quot;/home/karban/Projects/programovani/c/hermes2d/src/Makefile&quot; &quot;$file&quot;" />
            <Clean command="/usr/bin/make -f &quot;/home/karban/Projects/programovani/c/hermes2d/src/Makefile&quot; clean" />
            <DistClean command="/usr/bin/make -f &quot;/home/karban/Projects/programovani/c/hermes2d/src/Makefile&quot; clean" />
         </MakeCommands>
      </Target>
      </Build>
      <Unit filename="/home/karban/Projects/programovani/c/hermes2d/src/adapt_ortho_h1.cpp">
      </Unit>
      <Unit filename="/home/karban/Projects/programovani/c/hermes2d/src/adapt_ortho_hcurl.cpp">
      </Unit>
      <Unit filename="/home/karban/Projects/programovani/c/hermes2d/src/adapt_ortho_l2.cpp">
      </Unit>
      <Unit filename="/home/karban/Projects/programovani/c/hermes2d/src/common.cpp">
      </Unit>
      <Unit filename="/home/karban/Projects/programovani/c/hermes2d/src/compat/c99_functions.cpp">
      </Unit>
      <Unit filename="/home/karban/Projects/programovani/c/hermes2d/src/compat/fmemopen.cpp">
      </Unit>
      <Unit filename="/home/karban/Projects/programovani/c/hermes2d/src/curved.cpp">
      </Unit>
      <Unit filename="/home/karban/Projects/programovani/c/hermes2d/src/exodusii.cpp">
      </Unit>
      <Unit filename="/home/karban/Projects/programovani/c/hermes2d/src/feproblem.cpp">
      </Unit>
      <Unit filename="/home/karban/Projects/programovani/c/hermes2d/src/filter.cpp">
      </Unit>
      <Unit filename="/home/karban/Projects/programovani/c/hermes2d/src/forms.cpp">
      </Unit>
      <Unit filename="/home/karban/Projects/programovani/c/hermes2d/src/graph.cpp">
      </Unit>
      <Unit filename="/home/karban/Projects/programovani/c/hermes2d/src/h2d_reader.cpp">
      </Unit>
      <Unit filename="/home/karban/Projects/programovani/c/hermes2d/src/hash.cpp">
      </Unit>
      <Unit filename="/home/karban/Projects/programovani/c/hermes2d/src/hermes2d.cpp">
      </Unit>
      <Unit filename="/home/karban/Projects/programovani/c/hermes2d/src/linear1.cpp">
      </Unit>
      <Unit filename="/home/karban/Projects/programovani/c/hermes2d/src/linear2.cpp">
      </Unit>
      <Unit filename="/home/karban/Projects/programovani/c/hermes2d/src/linear3.cpp">
      </Unit>
      <Unit filename="/home/karban/Projects/programovani/c/hermes2d/src/linsystem.cpp">
      </Unit>
      <Unit filename="/home/karban/Projects/programovani/c/hermes2d/src/matrix.cpp">
      </Unit>
      <Unit filename="/home/karban/Projects/programovani/c/hermes2d/src/mesh.cpp">
      </Unit>
      <Unit filename="/home/karban/Projects/programovani/c/hermes2d/src/mesh_lexer.cpp">
      </Unit>
      <Unit filename="/home/karban/Projects/programovani/c/hermes2d/src/mesh_parser.cpp">
      </Unit>
      <Unit filename="/home/karban/Projects/programovani/c/hermes2d/src/nonlinsystem.cpp">
      </Unit>
      <Unit filename="/home/karban/Projects/programovani/c/hermes2d/src/norm.cpp">
      </Unit>
      <Unit filename="/home/karban/Projects/programovani/c/hermes2d/src/precalc.cpp">
      </Unit>
      <Unit filename="/home/karban/Projects/programovani/c/hermes2d/src/precond_ifpack.cpp">
      </Unit>
      <Unit filename="/home/karban/Projects/programovani/c/hermes2d/src/precond_ml.cpp">
      </Unit>
      <Unit filename="/home/karban/Projects/programovani/c/hermes2d/src/qsort.cpp">
      </Unit>
      <Unit filename="/home/karban/Projects/programovani/c/hermes2d/src/quad_std.cpp">
      </Unit>
      <Unit filename="/home/karban/Projects/programovani/c/hermes2d/src/refmap.cpp">
      </Unit>
      <Unit filename="/home/karban/Projects/programovani/c/hermes2d/src/refsystem.cpp">
      </Unit>
      <Unit filename="/home/karban/Projects/programovani/c/hermes2d/src/regul.cpp">
      </Unit>
      <Unit filename="/home/karban/Projects/programovani/c/hermes2d/src/shapeset.cpp">
      </Unit>
      <Unit filename="/home/karban/Projects/programovani/c/hermes2d/src/shapeset_h1_beuchler.cpp">
      </Unit>
      <Unit filename="/home/karban/Projects/programovani/c/hermes2d/src/shapeset_h1_ortho.cpp">
      </Unit>
      <Unit filename="/home/karban/Projects/programovani/c/hermes2d/src/shapeset_h1_quad.cpp">
      </Unit>
      <Unit filename="/home/karban/Projects/programovani/c/hermes2d/src/shapeset_hc_gradleg.cpp">
      </Unit>
      <Unit filename="/home/karban/Projects/programovani/c/hermes2d/src/shapeset_hc_legendre.cpp">
      </Unit>
      <Unit filename="/home/karban/Projects/programovani/c/hermes2d/src/shapeset_hd_legendre.cpp">
      </Unit>
      <Unit filename="/home/karban/Projects/programovani/c/hermes2d/src/shapeset_l2_legendre.cpp">
      </Unit>
      <Unit filename="/home/karban/Projects/programovani/c/hermes2d/src/solution.cpp">
      </Unit>
      <Unit filename="/home/karban/Projects/programovani/c/hermes2d/src/solver_aztecoo.cpp">
      </Unit>
      <Unit filename="/home/karban/Projects/programovani/c/hermes2d/src/solver_epetra.cpp">
      </Unit>
      <Unit filename="/home/karban/Projects/programovani/c/hermes2d/src/solver_nox.cpp">
      </Unit>
      <Unit filename="/home/karban/Projects/programovani/c/hermes2d/src/space.cpp">
      </Unit>
      <Unit filename="/home/karban/Projects/programovani/c/hermes2d/src/space_h1.cpp">
      </Unit>
      <Unit filename="/home/karban/Projects/programovani/c/hermes2d/src/space_hcurl.cpp">
      </Unit>
      <Unit filename="/home/karban/Projects/programovani/c/hermes2d/src/space_hdiv.cpp">
      </Unit>
      <Unit filename="/home/karban/Projects/programovani/c/hermes2d/src/space_l2.cpp">
      </Unit>
      <Unit filename="/home/karban/Projects/programovani/c/hermes2d/src/transform.cpp">
      </Unit>
      <Unit filename="/home/karban/Projects/programovani/c/hermes2d/src/traverse.cpp">
      </Unit>
      <Unit filename="/home/karban/Projects/programovani/c/hermes2d/src/views/base_view.cpp">
      </Unit>
      <Unit filename="/home/karban/Projects/programovani/c/hermes2d/src/views/mesh_view.cpp">
      </Unit>
      <Unit filename="/home/karban/Projects/programovani/c/hermes2d/src/views/order_view.cpp">
      </Unit>
      <Unit filename="/home/karban/Projects/programovani/c/hermes2d/src/views/scalar_view.cpp">
      </Unit>
      <Unit filename="/home/karban/Projects/programovani/c/hermes2d/src/views/stream_view.cpp">
      </Unit>
      <Unit filename="/home/karban/Projects/programovani/c/hermes2d/src/views/vector_base_view.cpp">
      </Unit>
      <Unit filename="/home/karban/Projects/programovani/c/hermes2d/src/views/vector_view.cpp">
      </Unit>
      <Unit filename="/home/karban/Projects/programovani/c/hermes2d/src/views/view.cpp">
      </Unit>
      <Unit filename="/home/karban/Projects/programovani/c/hermes2d/src/views/view_data.cpp">
      </Unit>
      <Unit filename="/home/karban/Projects/programovani/c/hermes2d/src/views/view_support.cpp">
      </Unit>
      <Unit filename="/home/karban/Projects/programovani/c/hermes2d/src/weakform.cpp">
      </Unit>
      <Unit filename="/home/karban/Projects/programovani/c/hermes2d/src/adapt_ortho_h1.h">
      </Unit>
      <Unit filename="/home/karban/Projects/programovani/c/hermes2d/src/adapt_ortho_hcurl.h">
      </Unit>
      <Unit filename="/home/karban/Projects/programovani/c/hermes2d/src/adapt_ortho_l2.h">
      </Unit>
      <Unit filename="/home/karban/Projects/programovani/c/hermes2d/src/common.h">
      </Unit>
      <Unit filename="/home/karban/Projects/programovani/c/hermes2d/src/compat/c99_functions.h">
      </Unit>
      <Unit filename="/home/karban/Projects/programovani/c/hermes2d/src/curved.h">
      </Unit>
      <Unit filename="/home/karban/Projects/programovani/c/hermes2d/src/exodusii.h">
      </Unit>
      <Unit filename="/home/karban/Projects/programovani/c/hermes2d/src/feproblem.h">
      </Unit>
      <Unit filename="/home/karban/Projects/programovani/c/hermes2d/src/filter.h">
      </Unit>
      <Unit filename="/home/karban/Projects/programovani/c/hermes2d/src/forms.h">
      </Unit>
      <Unit filename="/home/karban/Projects/programovani/c/hermes2d/src/graph.h">
      </Unit>
      <Unit filename="/home/karban/Projects/programovani/c/hermes2d/src/h2d_reader.h">
      </Unit>
      <Unit filename="/home/karban/Projects/programovani/c/hermes2d/src/hash.h">
      </Unit>
      <Unit filename="/home/karban/Projects/programovani/c/hermes2d/src/hermes2d.h">
      </Unit>
      <Unit filename="/home/karban/Projects/programovani/c/hermes2d/src/linsystem.h">
      </Unit>
      <Unit filename="/home/karban/Projects/programovani/c/hermes2d/src/matrix.h">
      </Unit>
      <Unit filename="/home/karban/Projects/programovani/c/hermes2d/src/mesh.h">
      </Unit>
      <Unit filename="/home/karban/Projects/programovani/c/hermes2d/src/mesh_lexer.h">
      </Unit>
      <Unit filename="/home/karban/Projects/programovani/c/hermes2d/src/mesh_parser.h">
      </Unit>
      <Unit filename="/home/karban/Projects/programovani/c/hermes2d/src/nonlinsystem.h">
      </Unit>
      <Unit filename="/home/karban/Projects/programovani/c/hermes2d/src/norm.h">
      </Unit>
      <Unit filename="/home/karban/Projects/programovani/c/hermes2d/src/precalc.h">
      </Unit>
      <Unit filename="/home/karban/Projects/programovani/c/hermes2d/src/precond_ifpack.h">
      </Unit>
      <Unit filename="/home/karban/Projects/programovani/c/hermes2d/src/precond_ml.h">
      </Unit>
      <Unit filename="/home/karban/Projects/programovani/c/hermes2d/src/refmap.h">
      </Unit>
      <Unit filename="/home/karban/Projects/programovani/c/hermes2d/src/refsystem.h">
      </Unit>
      <Unit filename="/home/karban/Projects/programovani/c/hermes2d/src/shapeset.h">
      </Unit>
      <Unit filename="/home/karban/Projects/programovani/c/hermes2d/src/shapeset_h1_quad.h">
      </Unit>
      <Unit filename="/home/karban/Projects/programovani/c/hermes2d/src/solution.h">
      </Unit>
      <Unit filename="/home/karban/Projects/programovani/c/hermes2d/src/solver_aztecoo.h">
      </Unit>
      <Unit filename="/home/karban/Projects/programovani/c/hermes2d/src/solver_epetra.h">
      </Unit>
      <Unit filename="/home/karban/Projects/programovani/c/hermes2d/src/solver_nox.h">
      </Unit>
      <Unit filename="/home/karban/Projects/programovani/c/hermes2d/src/space.h">
      </Unit>
      <Unit filename="/home/karban/Projects/programovani/c/hermes2d/src/space_h1.h">
      </Unit>
      <Unit filename="/home/karban/Projects/programovani/c/hermes2d/src/space_hcurl.h">
      </Unit>
      <Unit filename="/home/karban/Projects/programovani/c/hermes2d/src/space_hdiv.h">
      </Unit>
      <Unit filename="/home/karban/Projects/programovani/c/hermes2d/src/space_l2.h">
      </Unit>
      <Unit filename="/home/karban/Projects/programovani/c/hermes2d/src/transform.h">
      </Unit>
      <Unit filename="/home/karban/Projects/programovani/c/hermes2d/src/traverse.h">
      </Unit>
      <Unit filename="/home/karban/Projects/programovani/c/hermes2d/src/views/base_view.h">
      </Unit>
      <Unit filename="/home/karban/Projects/programovani/c/hermes2d/src/views/mesh_view.h">
      </Unit>
      <Unit filename="/home/karban/Projects/programovani/c/hermes2d/src/views/order_view.h">
      </Unit>
      <Unit filename="/home/karban/Projects/programovani/c/hermes2d/src/views/scalar_view.h">
      </Unit>
      <Unit filename="/home/karban/Projects/programovani/c/hermes2d/src/views/stream_view.h">
      </Unit>
      <Unit filename="/home/karban/Projects/programovani/c/hermes2d/src/views/vector_base_view.h">
      </Unit>
      <Unit filename="/home/karban/Projects/programovani/c/hermes2d/src/views/vector_view.h">
      </Unit>
      <Unit filename="/home/karban/Projects/programovani/c/hermes2d/src/views/view.h">
      </Unit>
      <Unit filename="/home/karban/Projects/programovani/c/hermes2d/src/views/view_support.h">
      </Unit>
      <Unit filename="/home/karban/Projects/programovani/c/hermes2d/src/weakform.h">
      </Unit>
   </Project>
</CodeBlocks_project_file>
